
Microsoft Visual Studio Solution File, Format Version 11.00
# Visual Studio 2010
Project("{FAE04EC0-301F-11D3-BF4B-00C04F79EFBC}") = "WcfService.Deployment", "WcfService.Deployment\WcfService.Deployment.csproj", "{18172702-68AA-4EF2-B212-3F14B034A9FC}"
EndProject
Project("{FAE04EC0-301F-11D3-BF4B-00C04F79EFBC}") = "WcfService.DataContract", "WcfService.DataContract\WcfService.DataContract.csproj", "{F3CCF8D3-B170-464C-A2FB-7AC107200F29}"
EndProject
Project("{FAE04EC0-301F-11D3-BF4B-00C04F79EFBC}") = "WcfService", "WcfService\WcfService.csproj", "{0BF053DF-E2D5-4FBD-9AF9-45400BC94E05}"
EndProject
Global
	GlobalSection(SolutionConfigurationPlatforms) = preSolution
		Debug|Any CPU = Debug|Any CPU
		Release|Any CPU = Release|Any CPU
	EndGlobalSection
	GlobalSection(ProjectConfigurationPlatforms) = postSolution
		{18172702-68AA-4EF2-B212-3F14B034A9FC}.Debug|Any CPU.ActiveCfg = Debug|Any CPU
		{18172702-68AA-4EF2-B212-3F14B034A9FC}.Debug|Any CPU.Build.0 = Debug|Any CPU
		{18172702-68AA-4EF2-B212-3F14B034A9FC}.Release|Any CPU.ActiveCfg = Release|Any CPU
		{18172702-68AA-4EF2-B212-3F14B034A9FC}.Release|Any CPU.Build.0 = Release|Any CPU
		{F3CCF8D3-B170-464C-A2FB-7AC107200F29}.Debug|Any CPU.ActiveCfg = Debug|Any CPU
		{F3CCF8D3-B170-464C-A2FB-7AC107200F29}.Debug|Any CPU.Build.0 = Debug|Any CPU
		{F3CCF8D3-B170-464C-A2FB-7AC107200F29}.Release|Any CPU.ActiveCfg = Release|Any CPU
		{F3CCF8D3-B170-464C-A2FB-7AC107200F29}.Release|Any CPU.Build.0 = Release|Any CPU
		{0BF053DF-E2D5-4FBD-9AF9-45400BC94E05}.Debug|Any CPU.ActiveCfg = Debug|Any CPU
		{0BF053DF-E2D5-4FBD-9AF9-45400BC94E05}.Debug|Any CPU.Build.0 = Debug|Any CPU
		{0BF053DF-E2D5-4FBD-9AF9-45400BC94E05}.Release|Any CPU.ActiveCfg = Release|Any CPU
		{0BF053DF-E2D5-4FBD-9AF9-45400BC94E05}.Release|Any CPU.Build.0 = Release|Any CPU
	EndGlobalSection
	GlobalSection(SolutionProperties) = preSolution
		HideSolutionNode = FALSE
	EndGlobalSection
EndGlobal
